
Microsoft Visual Studio Solution File, Format Version 12.00
# Visual Studio Version 17
VisualStudioVersion = 17.3.32929.385
MinimumVisualStudioVersion = 10.0.40219.1
Project("{FAE04EC0-301F-11D3-BF4B-00C04F79EFBC}") = "SpaceWorms", "SpaceWorms\SpaceWorms.csproj", "{4919DA03-5DF9-456F-A874-DE50CF7BD5FC}"
EndProject
Global
	GlobalSection(SolutionConfigurationPlatforms) = preSolution
		Debug|Any CPU = Debug|Any CPU
		Release|Any CPU = Release|Any CPU
	EndGlobalSection
	GlobalSection(ProjectConfigurationPlatforms) = postSolution
		{4919DA03-5DF9-456F-A874-DE50CF7BD5FC}.Debug|Any CPU.ActiveCfg = Debug|Any CPU
		{4919DA03-5DF9-456F-A874-DE50CF7BD5FC}.Debug|Any CPU.Build.0 = Debug|Any CPU
		{4919DA03-5DF9-456F-A874-DE50CF7BD5FC}.Release|Any CPU.ActiveCfg = Release|Any CPU
		{4919DA03-5DF9-456F-A874-DE50CF7BD5FC}.Release|Any CPU.Build.0 = Release|Any CPU
	EndGlobalSection
	GlobalSection(SolutionProperties) = preSolution
		HideSolutionNode = FALSE
	EndGlobalSection
	GlobalSection(ExtensibilityGlobals) = postSolution
		SolutionGuid = {C717252C-76BC-43A4-ADD1-137EF02DB6DD}
	EndGlobalSection
EndGlobal
